<Solution>
  <Folder Name="/0_Entities-DTOSs/">
    <Project Path="Entities-DTOs/Entities-DTOs.csproj" />
  </Folder>
  <Folder Name="/1_2DataAccess/">
    <Project Path="DataAccess/DataAccess.csproj" />
  </Folder>
  <Folder Name="/2_CoreApp/">
    <Project Path="CoreApp/CoreApp.csproj" />
  </Folder>
  <Folder Name="/3_WebAPi/">
    <Project Path="WebAPI/WebAPI.csproj" />
  </Folder>
</Solution>
